
Microsoft Visual Studio Solution File, Format Version 12.00
# Visual Studio Version 17
VisualStudioVersion = 17.14.36401.2 d17.14
MinimumVisualStudioVersion = 10.0.40219.1
Project("{FAE04EC0-301F-11D3-BF4B-00C04F79EFBC}") = "GameFramework", "GameFramework\GameFramework.csproj", "{D495DB42-F040-4643-9EF0-0E6AB28AA4DB}"
EndProject
Global
	GlobalSection(SolutionConfigurationPlatforms) = preSolution
		Debug|Any CPU = Debug|Any CPU
		Release|Any CPU = Release|Any CPU
	EndGlobalSection
	GlobalSection(ProjectConfigurationPlatforms) = postSolution
		{D495DB42-F040-4643-9EF0-0E6AB28AA4DB}.Debug|Any CPU.ActiveCfg = Debug|Any CPU
		{D495DB42-F040-4643-9EF0-0E6AB28AA4DB}.Debug|Any CPU.Build.0 = Debug|Any CPU
		{D495DB42-F040-4643-9EF0-0E6AB28AA4DB}.Release|Any CPU.ActiveCfg = Release|Any CPU
		{D495DB42-F040-4643-9EF0-0E6AB28AA4DB}.Release|Any CPU.Build.0 = Release|Any CPU
	EndGlobalSection
	GlobalSection(SolutionProperties) = preSolution
		HideSolutionNode = FALSE
	EndGlobalSection
	GlobalSection(ExtensibilityGlobals) = postSolution
		SolutionGuid = {A52AFB34-C57C-4FD4-80CF-FF60E4EF3EF8}
	EndGlobalSection
EndGlobal
